
Microsoft Visual Studio Solution File, Format Version 12.00
# Visual Studio 15
VisualStudioVersion = 15.0.27130.2036
MinimumVisualStudioVersion = 10.0.40219.1
Project("{FAE04EC0-301F-11D3-BF4B-00C04F79EFBC}") = "ProblemResolver", "ProblemResolver\ProblemResolver.csproj", "{B0744757-C57F-4CE6-BAAD-108B450C6088}"
EndProject
Global
	GlobalSection(SolutionConfigurationPlatforms) = preSolution
		Debug|Any CPU = Debug|Any CPU
		Release|Any CPU = Release|Any CPU
	EndGlobalSection
	GlobalSection(ProjectConfigurationPlatforms) = postSolution
		{B0744757-C57F-4CE6-BAAD-108B450C6088}.Debug|Any CPU.ActiveCfg = Debug|Any CPU
		{B0744757-C57F-4CE6-BAAD-108B450C6088}.Debug|Any CPU.Build.0 = Debug|Any CPU
		{B0744757-C57F-4CE6-BAAD-108B450C6088}.Release|Any CPU.ActiveCfg = Release|Any CPU
		{B0744757-C57F-4CE6-BAAD-108B450C6088}.Release|Any CPU.Build.0 = Release|Any CPU
	EndGlobalSection
	GlobalSection(SolutionProperties) = preSolution
		HideSolutionNode = FALSE
	EndGlobalSection
	GlobalSection(ExtensibilityGlobals) = postSolution
		SolutionGuid = {10F9269C-E66C-4008-8FB1-84F4488D8453}
	EndGlobalSection
EndGlobal
